
Microsoft Visual Studio Solution File, Format Version 12.00
# Visual Studio Version 16
VisualStudioVersion = 16.0.28922.388
MinimumVisualStudioVersion = 10.0.40219.1
Project("{FAE04EC0-301F-11D3-BF4B-00C04F79EFBC}") = "Pigeon", "Pigeon\Pigeon.csproj", "{651974D3-6C79-48C9-BEDE-47ABF18D016C}"
EndProject
Global
	GlobalSection(SolutionConfigurationPlatforms) = preSolution
		Debug|Any CPU = Debug|Any CPU
		Release|Any CPU = Release|Any CPU
	EndGlobalSection
	GlobalSection(ProjectConfigurationPlatforms) = postSolution
		{651974D3-6C79-48C9-BEDE-47ABF18D016C}.Debug|Any CPU.ActiveCfg = Debug|Any CPU
		{651974D3-6C79-48C9-BEDE-47ABF18D016C}.Debug|Any CPU.Build.0 = Debug|Any CPU
		{651974D3-6C79-48C9-BEDE-47ABF18D016C}.Release|Any CPU.ActiveCfg = Release|Any CPU
		{651974D3-6C79-48C9-BEDE-47ABF18D016C}.Release|Any CPU.Build.0 = Release|Any CPU
	EndGlobalSection
	GlobalSection(SolutionProperties) = preSolution
		HideSolutionNode = FALSE
	EndGlobalSection
	GlobalSection(ExtensibilityGlobals) = postSolution
		SolutionGuid = {B020F00F-E747-466B-BE46-DF74E5814DC0}
	EndGlobalSection
EndGlobal
